
Microsoft Visual Studio Solution File, Format Version 12.00
# Visual Studio Version 16
VisualStudioVersion = 16.0.30114.105
MinimumVisualStudioVersion = 10.0.40219.1
Project("{2150E333-8FDC-42A3-9474-1A3956D46DE8}") = "src", "src", "{FAE4972E-7EDC-4E29-975B-759368684CEC}"
EndProject
Project("{FAE04EC0-301F-11D3-BF4B-00C04F79EFBC}") = "Neel-leo.Coffin.FeatureMatching", "src\Neel-leo.Coffin.FeatureMatching\Neel-leo.Coffin.FeatureMatching.csproj", "{082B4915-632B-4DA3-899D-FFD0F7896343}"
EndProject
Project("{2150E333-8FDC-42A3-9474-1A3956D46DE8}") = "tests", "tests", "{DEE7FA73-1146-46BF-B690-808AADD014E9}"
EndProject
Project("{FAE04EC0-301F-11D3-BF4B-00C04F79EFBC}") = "Neel-leo.Coffin.FeatureMatching.Tests", "tests\Neel-leo.Coffin.FeatureMatching.Tests\Neel-leo.Coffin.FeatureMatching.Tests.csproj", "{0EC2E210-09D8-42DE-B05A-9A0A37399935}"
EndProject
Project("{FAE04EC0-301F-11D3-BF4B-00C04F79EFBC}") = "Neel-leo.Coffin.FeatureMatching.Console", "src\Neel-leo.Coffin.FeatureMatching.Console\Neel-leo.Coffin.FeatureMatching.Console.csproj", "{03B76640-DA61-491D-BCC6-9AEE777C9969}"
EndProject
Project("{FAE04EC0-301F-11D3-BF4B-00C04F79EFBC}") = "Neel-leo.Coffin.FeatureMatching.WebApi", "src\Neel-leo.Coffin.FeatureMatching.WebApi\Neel-leo.Coffin.FeatureMatching.WebApi.csproj", "{C37AD3A5-8B66-4577-AF4F-847DDA3AD26E}"
EndProject
Global
	GlobalSection(SolutionConfigurationPlatforms) = preSolution
		Debug|Any CPU = Debug|Any CPU
		Release|Any CPU = Release|Any CPU
	EndGlobalSection
	GlobalSection(SolutionProperties) = preSolution
		HideSolutionNode = FALSE
	EndGlobalSection
	GlobalSection(ProjectConfigurationPlatforms) = postSolution
		{082B4915-632B-4DA3-899D-FFD0F7896343}.Debug|Any CPU.ActiveCfg = Debug|Any CPU
		{082B4915-632B-4DA3-899D-FFD0F7896343}.Debug|Any CPU.Build.0 = Debug|Any CPU
		{082B4915-632B-4DA3-899D-FFD0F7896343}.Release|Any CPU.ActiveCfg = Release|Any CPU
		{082B4915-632B-4DA3-899D-FFD0F7896343}.Release|Any CPU.Build.0 = Release|Any CPU
		{0EC2E210-09D8-42DE-B05A-9A0A37399935}.Debug|Any CPU.ActiveCfg = Debug|Any CPU
		{0EC2E210-09D8-42DE-B05A-9A0A37399935}.Debug|Any CPU.Build.0 = Debug|Any CPU
		{0EC2E210-09D8-42DE-B05A-9A0A37399935}.Release|Any CPU.ActiveCfg = Release|Any CPU
		{0EC2E210-09D8-42DE-B05A-9A0A37399935}.Release|Any CPU.Build.0 = Release|Any CPU
		{03B76640-DA61-491D-BCC6-9AEE777C9969}.Debug|Any CPU.ActiveCfg = Debug|Any CPU
		{03B76640-DA61-491D-BCC6-9AEE777C9969}.Debug|Any CPU.Build.0 = Debug|Any CPU
		{03B76640-DA61-491D-BCC6-9AEE777C9969}.Release|Any CPU.ActiveCfg = Release|Any CPU
		{03B76640-DA61-491D-BCC6-9AEE777C9969}.Release|Any CPU.Build.0 = Release|Any CPU
		{C37AD3A5-8B66-4577-AF4F-847DDA3AD26E}.Debug|Any CPU.ActiveCfg = Debug|Any CPU
		{C37AD3A5-8B66-4577-AF4F-847DDA3AD26E}.Debug|Any CPU.Build.0 = Debug|Any CPU
		{C37AD3A5-8B66-4577-AF4F-847DDA3AD26E}.Release|Any CPU.ActiveCfg = Release|Any CPU
		{C37AD3A5-8B66-4577-AF4F-847DDA3AD26E}.Release|Any CPU.Build.0 = Release|Any CPU
	EndGlobalSection
	GlobalSection(NestedProjects) = preSolution
		{082B4915-632B-4DA3-899D-FFD0F7896343} = {FAE4972E-7EDC-4E29-975B-759368684CEC}
		{0EC2E210-09D8-42DE-B05A-9A0A37399935} = {DEE7FA73-1146-46BF-B690-808AADD014E9}
		{03B76640-DA61-491D-BCC6-9AEE777C9969} = {FAE4972E-7EDC-4E29-975B-759368684CEC}
		{C37AD3A5-8B66-4577-AF4F-847DDA3AD26E} = {FAE4972E-7EDC-4E29-975B-759368684CEC}
	EndGlobalSection
EndGlobal
